
Microsoft Visual Studio Solution File, Format Version 12.00
# Visual Studio Version 16
VisualStudioVersion = 16.0.31702.278
MinimumVisualStudioVersion = 10.0.40219.1
Project("{FAE04EC0-301F-11D3-BF4B-00C04F79EFBC}") = "DobakBot", "DobakBot\DobakBot.csproj", "{4F55A01D-B010-473A-8B2E-624262253B2B}"
EndProject
Global
	GlobalSection(SolutionConfigurationPlatforms) = preSolution
		Debug|Any CPU = Debug|Any CPU
		Release|Any CPU = Release|Any CPU
	EndGlobalSection
	GlobalSection(ProjectConfigurationPlatforms) = postSolution
		{4F55A01D-B010-473A-8B2E-624262253B2B}.Debug|Any CPU.ActiveCfg = Debug|Any CPU
		{4F55A01D-B010-473A-8B2E-624262253B2B}.Debug|Any CPU.Build.0 = Debug|Any CPU
		{4F55A01D-B010-473A-8B2E-624262253B2B}.Release|Any CPU.ActiveCfg = Release|Any CPU
		{4F55A01D-B010-473A-8B2E-624262253B2B}.Release|Any CPU.Build.0 = Release|Any CPU
	EndGlobalSection
	GlobalSection(SolutionProperties) = preSolution
		HideSolutionNode = FALSE
	EndGlobalSection
	GlobalSection(ExtensibilityGlobals) = postSolution
		SolutionGuid = {F201B670-A9FD-4820-A604-9896E9CCBFC0}
	EndGlobalSection
EndGlobal
